
Microsoft Visual Studio Solution File, Format Version 12.00
# Visual Studio Version 16
VisualStudioVersion = 16.0.31729.503
MinimumVisualStudioVersion = 10.0.40219.1
Project("{FAE04EC0-301F-11D3-BF4B-00C04F79EFBC}") = "Ejercicio10.Android", "Ejercicio10\Ejercicio10.Android\Ejercicio10.Android.csproj", "{7735200E-7F76-48B7-8603-577069B564E3}"
EndProject
Project("{FAE04EC0-301F-11D3-BF4B-00C04F79EFBC}") = "Ejercicio10.iOS", "Ejercicio10\Ejercicio10.iOS\Ejercicio10.iOS.csproj", "{8C1543E1-AE00-42D2-9232-300678F5F7A7}"
EndProject
Project("{FAE04EC0-301F-11D3-BF4B-00C04F79EFBC}") = "Ejercicio10", "Ejercicio10\Ejercicio10\Ejercicio10.csproj", "{9F7F8225-4687-4FA2-A68D-BF75F78D1BBD}"
EndProject
Global
	GlobalSection(SolutionConfigurationPlatforms) = preSolution
		Debug|Any CPU = Debug|Any CPU
		Debug|iPhone = Debug|iPhone
		Debug|iPhoneSimulator = Debug|iPhoneSimulator
		Release|Any CPU = Release|Any CPU
		Release|iPhone = Release|iPhone
		Release|iPhoneSimulator = Release|iPhoneSimulator
	EndGlobalSection
	GlobalSection(ProjectConfigurationPlatforms) = postSolution
		{7735200E-7F76-48B7-8603-577069B564E3}.Debug|Any CPU.ActiveCfg = Debug|Any CPU
		{7735200E-7F76-48B7-8603-577069B564E3}.Debug|Any CPU.Build.0 = Debug|Any CPU
		{7735200E-7F76-48B7-8603-577069B564E3}.Debug|Any CPU.Deploy.0 = Debug|Any CPU
		{7735200E-7F76-48B7-8603-577069B564E3}.Debug|iPhone.ActiveCfg = Debug|Any CPU
		{7735200E-7F76-48B7-8603-577069B564E3}.Debug|iPhone.Build.0 = Debug|Any CPU
		{7735200E-7F76-48B7-8603-577069B564E3}.Debug|iPhone.Deploy.0 = Debug|Any CPU
		{7735200E-7F76-48B7-8603-577069B564E3}.Debug|iPhoneSimulator.ActiveCfg = Debug|Any CPU
		{7735200E-7F76-48B7-8603-577069B564E3}.Debug|iPhoneSimulator.Build.0 = Debug|Any CPU
		{7735200E-7F76-48B7-8603-577069B564E3}.Debug|iPhoneSimulator.Deploy.0 = Debug|Any CPU
		{7735200E-7F76-48B7-8603-577069B564E3}.Release|Any CPU.ActiveCfg = Release|Any CPU
		{7735200E-7F76-48B7-8603-577069B564E3}.Release|Any CPU.Build.0 = Release|Any CPU
		{7735200E-7F76-48B7-8603-577069B564E3}.Release|Any CPU.Deploy.0 = Release|Any CPU
		{7735200E-7F76-48B7-8603-577069B564E3}.Release|iPhone.ActiveCfg = Release|Any CPU
		{7735200E-7F76-48B7-8603-577069B564E3}.Release|iPhone.Build.0 = Release|Any CPU
		{7735200E-7F76-48B7-8603-577069B564E3}.Release|iPhone.Deploy.0 = Release|Any CPU
		{7735200E-7F76-48B7-8603-577069B564E3}.Release|iPhoneSimulator.ActiveCfg = Release|Any CPU
		{7735200E-7F76-48B7-8603-577069B564E3}.Release|iPhoneSimulator.Build.0 = Release|Any CPU
		{7735200E-7F76-48B7-8603-577069B564E3}.Release|iPhoneSimulator.Deploy.0 = Release|Any CPU
		{8C1543E1-AE00-42D2-9232-300678F5F7A7}.Debug|Any CPU.ActiveCfg = Debug|iPhone
		{8C1543E1-AE00-42D2-9232-300678F5F7A7}.Debug|Any CPU.Build.0 = Debug|iPhone
		{8C1543E1-AE00-42D2-9232-300678F5F7A7}.Debug|Any CPU.Deploy.0 = Debug|iPhone
		{8C1543E1-AE00-42D2-9232-300678F5F7A7}.Debug|iPhone.ActiveCfg = Debug|iPhone
		{8C1543E1-AE00-42D2-9232-300678F5F7A7}.Debug|iPhone.Build.0 = Debug|iPhone
		{8C1543E1-AE00-42D2-9232-300678F5F7A7}.Debug|iPhone.Deploy.0 = Debug|iPhone
		{8C1543E1-AE00-42D2-9232-300678F5F7A7}.Debug|iPhoneSimulator.ActiveCfg = Debug|iPhoneSimulator
		{8C1543E1-AE00-42D2-9232-300678F5F7A7}.Debug|iPhoneSimulator.Build.0 = Debug|iPhoneSimulator
		{8C1543E1-AE00-42D2-9232-300678F5F7A7}.Debug|iPhoneSimulator.Deploy.0 = Debug|iPhoneSimulator
		{8C1543E1-AE00-42D2-9232-300678F5F7A7}.Release|Any CPU.ActiveCfg = Release|iPhoneSimulator
		{8C1543E1-AE00-42D2-9232-300678F5F7A7}.Release|Any CPU.Build.0 = Release|iPhoneSimulator
		{8C1543E1-AE00-42D2-9232-300678F5F7A7}.Release|Any CPU.Deploy.0 = Release|iPhoneSimulator
		{8C1543E1-AE00-42D2-9232-300678F5F7A7}.Release|iPhone.ActiveCfg = Release|iPhone
		{8C1543E1-AE00-42D2-9232-300678F5F7A7}.Release|iPhone.Build.0 = Release|iPhone
		{8C1543E1-AE00-42D2-9232-300678F5F7A7}.Release|iPhone.Deploy.0 = Release|iPhone
		{8C1543E1-AE00-42D2-9232-300678F5F7A7}.Release|iPhoneSimulator.ActiveCfg = Release|iPhoneSimulator
		{8C1543E1-AE00-42D2-9232-300678F5F7A7}.Release|iPhoneSimulator.Build.0 = Release|iPhoneSimulator
		{8C1543E1-AE00-42D2-9232-300678F5F7A7}.Release|iPhoneSimulator.Deploy.0 = Release|iPhoneSimulator
		{9F7F8225-4687-4FA2-A68D-BF75F78D1BBD}.Debug|Any CPU.ActiveCfg = Debug|Any CPU
		{9F7F8225-4687-4FA2-A68D-BF75F78D1BBD}.Debug|Any CPU.Build.0 = Debug|Any CPU
		{9F7F8225-4687-4FA2-A68D-BF75F78D1BBD}.Debug|Any CPU.Deploy.0 = Debug|Any CPU
		{9F7F8225-4687-4FA2-A68D-BF75F78D1BBD}.Debug|iPhone.ActiveCfg = Debug|Any CPU
		{9F7F8225-4687-4FA2-A68D-BF75F78D1BBD}.Debug|iPhone.Build.0 = Debug|Any CPU
		{9F7F8225-4687-4FA2-A68D-BF75F78D1BBD}.Debug|iPhone.Deploy.0 = Debug|Any CPU
		{9F7F8225-4687-4FA2-A68D-BF75F78D1BBD}.Debug|iPhoneSimulator.ActiveCfg = Debug|Any CPU
		{9F7F8225-4687-4FA2-A68D-BF75F78D1BBD}.Debug|iPhoneSimulator.Build.0 = Debug|Any CPU
		{9F7F8225-4687-4FA2-A68D-BF75F78D1BBD}.Debug|iPhoneSimulator.Deploy.0 = Debug|Any CPU
		{9F7F8225-4687-4FA2-A68D-BF75F78D1BBD}.Release|Any CPU.ActiveCfg = Release|Any CPU
		{9F7F8225-4687-4FA2-A68D-BF75F78D1BBD}.Release|Any CPU.Build.0 = Release|Any CPU
		{9F7F8225-4687-4FA2-A68D-BF75F78D1BBD}.Release|Any CPU.Deploy.0 = Release|Any CPU
		{9F7F8225-4687-4FA2-A68D-BF75F78D1BBD}.Release|iPhone.ActiveCfg = Release|Any CPU
		{9F7F8225-4687-4FA2-A68D-BF75F78D1BBD}.Release|iPhone.Build.0 = Release|Any CPU
		{9F7F8225-4687-4FA2-A68D-BF75F78D1BBD}.Release|iPhone.Deploy.0 = Release|Any CPU
		{9F7F8225-4687-4FA2-A68D-BF75F78D1BBD}.Release|iPhoneSimulator.ActiveCfg = Release|Any CPU
		{9F7F8225-4687-4FA2-A68D-BF75F78D1BBD}.Release|iPhoneSimulator.Build.0 = Release|Any CPU
		{9F7F8225-4687-4FA2-A68D-BF75F78D1BBD}.Release|iPhoneSimulator.Deploy.0 = Release|Any CPU
	EndGlobalSection
	GlobalSection(SolutionProperties) = preSolution
		HideSolutionNode = FALSE
	EndGlobalSection
	GlobalSection(ExtensibilityGlobals) = postSolution
		SolutionGuid = {F9CFEED8-28AB-4F65-996D-DB5129CD5289}
	EndGlobalSection
EndGlobal
